
Microsoft Visual Studio Solution File, Format Version 12.00
# Visual Studio 15
VisualStudioVersion = 15.0.28010.2016
MinimumVisualStudioVersion = 10.0.40219.1
Project("{FAE04EC0-301F-11D3-BF4B-00C04F79EFBC}") = "Presto.Plugin.YouTube", "Presto.Plugin.YouTube\Presto.Plugin.YouTube.csproj", "{2A1A9FFD-41F0-481E-B269-3FC39C7F185A}"
EndProject
Global
	GlobalSection(SolutionConfigurationPlatforms) = preSolution
		Debug|Any CPU = Debug|Any CPU
		Release|Any CPU = Release|Any CPU
	EndGlobalSection
	GlobalSection(ProjectConfigurationPlatforms) = postSolution
		{2A1A9FFD-41F0-481E-B269-3FC39C7F185A}.Debug|Any CPU.ActiveCfg = Debug|Any CPU
		{2A1A9FFD-41F0-481E-B269-3FC39C7F185A}.Debug|Any CPU.Build.0 = Debug|Any CPU
		{2A1A9FFD-41F0-481E-B269-3FC39C7F185A}.Release|Any CPU.ActiveCfg = Release|Any CPU
		{2A1A9FFD-41F0-481E-B269-3FC39C7F185A}.Release|Any CPU.Build.0 = Release|Any CPU
	EndGlobalSection
	GlobalSection(SolutionProperties) = preSolution
		HideSolutionNode = FALSE
	EndGlobalSection
	GlobalSection(ExtensibilityGlobals) = postSolution
		SolutionGuid = {0983607E-496D-4B74-81A4-B8696509DC25}
	EndGlobalSection
EndGlobal
